
Microsoft Visual Studio Solution File, Format Version 12.00
# Visual Studio Version 17
VisualStudioVersion = 17.0.32126.317
MinimumVisualStudioVersion = 10.0.40219.1
Project("{2150E333-8FDC-42A3-9474-1A3956D46DE8}") = "DataStructures", "DataStructures", "{E78727B5-2B18-440D-BBB5-BED49FDA7C08}"
EndProject
Project("{2150E333-8FDC-42A3-9474-1A3956D46DE8}") = "Applications", "Applications", "{CD32923A-F438-4EDC-AE50-AFB5D91995AA}"
EndProject
Project("{2150E333-8FDC-42A3-9474-1A3956D46DE8}") = "Tests", "Tests", "{C31B697B-A9FD-4267-AE04-9977D8F79E8A}"
EndProject
Project("{2150E333-8FDC-42A3-9474-1A3956D46DE8}") = "UIs", "UIs", "{C216EEE8-2433-4750-9D2A-300B23B936BB}"
EndProject
Project("{9A19103F-16F7-4668-BE54-9A1E7A4F7556}") = "ValueAndReferenceTypes", "ValueAndReferenceTypes\ValueAndReferenceTypes.csproj", "{A37B2FF7-EEEC-4F52-83D0-A06F58208C14}"
EndProject
Project("{9A19103F-16F7-4668-BE54-9A1E7A4F7556}") = "ValueAndRefTypeApp", "ValueAndRefTypeApp\ValueAndRefTypeApp.csproj", "{5D8BA07F-9886-4181-BB46-69E2AFAED98D}"
EndProject
Project("{9A19103F-16F7-4668-BE54-9A1E7A4F7556}") = "ValueAndReferenceTypesTests", "ValueAndReferenceTypesTests\ValueAndReferenceTypesTests.csproj", "{DFC12EC8-5CCF-49F0-B42D-FBCF7FEC0ECE}"
EndProject
Project("{2150E333-8FDC-42A3-9474-1A3956D46DE8}") = "ApplicationsTests", "ApplicationsTests", "{6AD7CC9A-ACDC-4690-B8CE-D2DA33617588}"
EndProject
Project("{9A19103F-16F7-4668-BE54-9A1E7A4F7556}") = "Array", "Array\Array.csproj", "{7E42C493-E700-4D51-AFE7-3E08578B8054}"
EndProject
Project("{9A19103F-16F7-4668-BE54-9A1E7A4F7556}") = "ArrayApp", "ArrayApp\ArrayApp.csproj", "{F183B68F-342E-4964-892B-3C1E5F30EBB9}"
EndProject
Project("{2150E333-8FDC-42A3-9474-1A3956D46DE8}") = "ArrayTests", "ArrayTests", "{84BF26F7-9AD5-40C4-822A-75DE1C299C54}"
EndProject
Project("{9A19103F-16F7-4668-BE54-9A1E7A4F7556}") = "ArrayTest", "ArrayTest\ArrayTest.csproj", "{E14349AD-839D-419C-8AEB-BBD190292B5A}"
EndProject
Project("{9A19103F-16F7-4668-BE54-9A1E7A4F7556}") = "SingleLinkedList", "SingleLinkedList\SingleLinkedList.csproj", "{C8001E6F-281C-4CE5-9F48-1B7F2D9E9ACA}"
EndProject
Project("{9A19103F-16F7-4668-BE54-9A1E7A4F7556}") = "Array2", "Array2\Array2.csproj", "{13E17F33-E379-42BF-A911-C838754FFE0E}"
EndProject
Project("{9A19103F-16F7-4668-BE54-9A1E7A4F7556}") = "ArrayApp2", "ArrayApp2\ArrayApp2.csproj", "{2B934FFA-FD76-4AEE-B651-EB6D246C59A4}"
EndProject
Project("{FAE04EC0-301F-11D3-BF4B-00C04F79EFBC}") = "CollectionsTests", "CollectionsTests\CollectionsTests.csproj", "{C9E4E1C4-1F69-479B-ABD5-99ED63B1BEB3}"
EndProject
Project("{FAE04EC0-301F-11D3-BF4B-00C04F79EFBC}") = "LinkedListApp", "LinkedListApp\LinkedListApp.csproj", "{19166C8D-2185-4D6C-8AC1-85B6E08A5378}"
EndProject
Project("{FAE04EC0-301F-11D3-BF4B-00C04F79EFBC}") = "LinkedList", "LinkedList\LinkedList.csproj", "{3B977C4A-1E8A-44F8-80DA-43473023607D}"
EndProject
Project("{2150E333-8FDC-42A3-9474-1A3956D46DE8}") = "DataStructuresTests", "DataStructuresTests", "{0E95C24F-9B89-4E9D-916B-F1FE4DA5B7C3}"
EndProject
Project("{2150E333-8FDC-42A3-9474-1A3956D46DE8}") = "LinkedListTest", "LinkedListTest", "{D5C4BF25-D73F-47B1-A1CD-C9E01056470A}"
EndProject
Project("{FAE04EC0-301F-11D3-BF4B-00C04F79EFBC}") = "LinkedListTests", "LinkedListTests\LinkedListTests.csproj", "{2DEB753C-EEAA-41BC-A54E-98685612238E}"
EndProject
Global
	GlobalSection(SolutionConfigurationPlatforms) = preSolution
		Debug|Any CPU = Debug|Any CPU
		Release|Any CPU = Release|Any CPU
	EndGlobalSection
	GlobalSection(ProjectConfigurationPlatforms) = postSolution
		{A37B2FF7-EEEC-4F52-83D0-A06F58208C14}.Debug|Any CPU.ActiveCfg = Debug|Any CPU
		{A37B2FF7-EEEC-4F52-83D0-A06F58208C14}.Debug|Any CPU.Build.0 = Debug|Any CPU
		{A37B2FF7-EEEC-4F52-83D0-A06F58208C14}.Release|Any CPU.ActiveCfg = Release|Any CPU
		{A37B2FF7-EEEC-4F52-83D0-A06F58208C14}.Release|Any CPU.Build.0 = Release|Any CPU
		{5D8BA07F-9886-4181-BB46-69E2AFAED98D}.Debug|Any CPU.ActiveCfg = Debug|Any CPU
		{5D8BA07F-9886-4181-BB46-69E2AFAED98D}.Debug|Any CPU.Build.0 = Debug|Any CPU
		{5D8BA07F-9886-4181-BB46-69E2AFAED98D}.Release|Any CPU.ActiveCfg = Release|Any CPU
		{5D8BA07F-9886-4181-BB46-69E2AFAED98D}.Release|Any CPU.Build.0 = Release|Any CPU
		{DFC12EC8-5CCF-49F0-B42D-FBCF7FEC0ECE}.Debug|Any CPU.ActiveCfg = Debug|Any CPU
		{DFC12EC8-5CCF-49F0-B42D-FBCF7FEC0ECE}.Debug|Any CPU.Build.0 = Debug|Any CPU
		{DFC12EC8-5CCF-49F0-B42D-FBCF7FEC0ECE}.Release|Any CPU.ActiveCfg = Release|Any CPU
		{DFC12EC8-5CCF-49F0-B42D-FBCF7FEC0ECE}.Release|Any CPU.Build.0 = Release|Any CPU
		{7E42C493-E700-4D51-AFE7-3E08578B8054}.Debug|Any CPU.ActiveCfg = Debug|Any CPU
		{7E42C493-E700-4D51-AFE7-3E08578B8054}.Debug|Any CPU.Build.0 = Debug|Any CPU
		{7E42C493-E700-4D51-AFE7-3E08578B8054}.Release|Any CPU.ActiveCfg = Release|Any CPU
		{7E42C493-E700-4D51-AFE7-3E08578B8054}.Release|Any CPU.Build.0 = Release|Any CPU
		{F183B68F-342E-4964-892B-3C1E5F30EBB9}.Debug|Any CPU.ActiveCfg = Debug|Any CPU
		{F183B68F-342E-4964-892B-3C1E5F30EBB9}.Debug|Any CPU.Build.0 = Debug|Any CPU
		{F183B68F-342E-4964-892B-3C1E5F30EBB9}.Release|Any CPU.ActiveCfg = Release|Any CPU
		{F183B68F-342E-4964-892B-3C1E5F30EBB9}.Release|Any CPU.Build.0 = Release|Any CPU
		{E14349AD-839D-419C-8AEB-BBD190292B5A}.Debug|Any CPU.ActiveCfg = Debug|Any CPU
		{E14349AD-839D-419C-8AEB-BBD190292B5A}.Debug|Any CPU.Build.0 = Debug|Any CPU
		{E14349AD-839D-419C-8AEB-BBD190292B5A}.Release|Any CPU.ActiveCfg = Release|Any CPU
		{E14349AD-839D-419C-8AEB-BBD190292B5A}.Release|Any CPU.Build.0 = Release|Any CPU
		{C8001E6F-281C-4CE5-9F48-1B7F2D9E9ACA}.Debug|Any CPU.ActiveCfg = Debug|Any CPU
		{C8001E6F-281C-4CE5-9F48-1B7F2D9E9ACA}.Debug|Any CPU.Build.0 = Debug|Any CPU
		{C8001E6F-281C-4CE5-9F48-1B7F2D9E9ACA}.Release|Any CPU.ActiveCfg = Release|Any CPU
		{C8001E6F-281C-4CE5-9F48-1B7F2D9E9ACA}.Release|Any CPU.Build.0 = Release|Any CPU
		{13E17F33-E379-42BF-A911-C838754FFE0E}.Debug|Any CPU.ActiveCfg = Debug|Any CPU
		{13E17F33-E379-42BF-A911-C838754FFE0E}.Debug|Any CPU.Build.0 = Debug|Any CPU
		{13E17F33-E379-42BF-A911-C838754FFE0E}.Release|Any CPU.ActiveCfg = Release|Any CPU
		{13E17F33-E379-42BF-A911-C838754FFE0E}.Release|Any CPU.Build.0 = Release|Any CPU
		{2B934FFA-FD76-4AEE-B651-EB6D246C59A4}.Debug|Any CPU.ActiveCfg = Debug|Any CPU
		{2B934FFA-FD76-4AEE-B651-EB6D246C59A4}.Debug|Any CPU.Build.0 = Debug|Any CPU
		{2B934FFA-FD76-4AEE-B651-EB6D246C59A4}.Release|Any CPU.ActiveCfg = Release|Any CPU
		{2B934FFA-FD76-4AEE-B651-EB6D246C59A4}.Release|Any CPU.Build.0 = Release|Any CPU
		{C9E4E1C4-1F69-479B-ABD5-99ED63B1BEB3}.Debug|Any CPU.ActiveCfg = Debug|Any CPU
		{C9E4E1C4-1F69-479B-ABD5-99ED63B1BEB3}.Debug|Any CPU.Build.0 = Debug|Any CPU
		{C9E4E1C4-1F69-479B-ABD5-99ED63B1BEB3}.Release|Any CPU.ActiveCfg = Release|Any CPU
		{C9E4E1C4-1F69-479B-ABD5-99ED63B1BEB3}.Release|Any CPU.Build.0 = Release|Any CPU
		{19166C8D-2185-4D6C-8AC1-85B6E08A5378}.Debug|Any CPU.ActiveCfg = Debug|Any CPU
		{19166C8D-2185-4D6C-8AC1-85B6E08A5378}.Debug|Any CPU.Build.0 = Debug|Any CPU
		{19166C8D-2185-4D6C-8AC1-85B6E08A5378}.Release|Any CPU.ActiveCfg = Release|Any CPU
		{19166C8D-2185-4D6C-8AC1-85B6E08A5378}.Release|Any CPU.Build.0 = Release|Any CPU
		{3B977C4A-1E8A-44F8-80DA-43473023607D}.Debug|Any CPU.ActiveCfg = Debug|Any CPU
		{3B977C4A-1E8A-44F8-80DA-43473023607D}.Debug|Any CPU.Build.0 = Debug|Any CPU
		{3B977C4A-1E8A-44F8-80DA-43473023607D}.Release|Any CPU.ActiveCfg = Release|Any CPU
		{3B977C4A-1E8A-44F8-80DA-43473023607D}.Release|Any CPU.Build.0 = Release|Any CPU
		{2DEB753C-EEAA-41BC-A54E-98685612238E}.Debug|Any CPU.ActiveCfg = Debug|Any CPU
		{2DEB753C-EEAA-41BC-A54E-98685612238E}.Debug|Any CPU.Build.0 = Debug|Any CPU
		{2DEB753C-EEAA-41BC-A54E-98685612238E}.Release|Any CPU.ActiveCfg = Release|Any CPU
		{2DEB753C-EEAA-41BC-A54E-98685612238E}.Release|Any CPU.Build.0 = Release|Any CPU
	EndGlobalSection
	GlobalSection(SolutionProperties) = preSolution
		HideSolutionNode = FALSE
	EndGlobalSection
	GlobalSection(NestedProjects) = preSolution
		{A37B2FF7-EEEC-4F52-83D0-A06F58208C14} = {CD32923A-F438-4EDC-AE50-AFB5D91995AA}
		{5D8BA07F-9886-4181-BB46-69E2AFAED98D} = {C216EEE8-2433-4750-9D2A-300B23B936BB}
		{DFC12EC8-5CCF-49F0-B42D-FBCF7FEC0ECE} = {6AD7CC9A-ACDC-4690-B8CE-D2DA33617588}
		{6AD7CC9A-ACDC-4690-B8CE-D2DA33617588} = {C31B697B-A9FD-4267-AE04-9977D8F79E8A}
		{7E42C493-E700-4D51-AFE7-3E08578B8054} = {E78727B5-2B18-440D-BBB5-BED49FDA7C08}
		{F183B68F-342E-4964-892B-3C1E5F30EBB9} = {C216EEE8-2433-4750-9D2A-300B23B936BB}
		{84BF26F7-9AD5-40C4-822A-75DE1C299C54} = {0E95C24F-9B89-4E9D-916B-F1FE4DA5B7C3}
		{E14349AD-839D-419C-8AEB-BBD190292B5A} = {84BF26F7-9AD5-40C4-822A-75DE1C299C54}
		{C8001E6F-281C-4CE5-9F48-1B7F2D9E9ACA} = {E78727B5-2B18-440D-BBB5-BED49FDA7C08}
		{13E17F33-E379-42BF-A911-C838754FFE0E} = {E78727B5-2B18-440D-BBB5-BED49FDA7C08}
		{2B934FFA-FD76-4AEE-B651-EB6D246C59A4} = {C216EEE8-2433-4750-9D2A-300B23B936BB}
		{C9E4E1C4-1F69-479B-ABD5-99ED63B1BEB3} = {6AD7CC9A-ACDC-4690-B8CE-D2DA33617588}
		{19166C8D-2185-4D6C-8AC1-85B6E08A5378} = {C216EEE8-2433-4750-9D2A-300B23B936BB}
		{3B977C4A-1E8A-44F8-80DA-43473023607D} = {E78727B5-2B18-440D-BBB5-BED49FDA7C08}
		{0E95C24F-9B89-4E9D-916B-F1FE4DA5B7C3} = {C31B697B-A9FD-4267-AE04-9977D8F79E8A}
		{D5C4BF25-D73F-47B1-A1CD-C9E01056470A} = {84BF26F7-9AD5-40C4-822A-75DE1C299C54}
		{2DEB753C-EEAA-41BC-A54E-98685612238E} = {D5C4BF25-D73F-47B1-A1CD-C9E01056470A}
	EndGlobalSection
	GlobalSection(ExtensibilityGlobals) = postSolution
		SolutionGuid = {FC1C6EF0-85ED-4894-B4C8-0E30E658D1C3}
	EndGlobalSection
EndGlobal
